
Microsoft Visual Studio Solution File, Format Version 12.00
# Visual Studio Express 2013 for Windows Desktop
VisualStudioVersion = 12.0.21005.1
MinimumVisualStudioVersion = 10.0.40219.1
Project("{8BC9CEB8-8B4A-11D0-8D11-00A0C91BC942}") = "test1", "test1\test1.vcxproj", "{D9544AFC-04B0-4733-99D8-67C603C3E633}"
EndProject
Project("{8BC9CEB8-8B4A-11D0-8D11-00A0C91BC942}") = "test2", "test2\test2.vcxproj", "{E4CCA2C5-59A8-43CE-B724-9D4D0B541BF5}"
EndProject
Project("{8BC9CEB8-8B4A-11D0-8D11-00A0C91BC942}") = "D3D11Sample04", "D3D11Sample04\D3D11Sample04.vcxproj", "{7B1B4FA1-9EFB-49BF-A27C-0E3ABD70D959}"
EndProject
Project("{8BC9CEB8-8B4A-11D0-8D11-00A0C91BC942}") = "first", "first\first.vcxproj", "{23B8FF0C-ACF9-4B49-89D7-20C72D86FE99}"
EndProject
Global
	GlobalSection(SolutionConfigurationPlatforms) = preSolution
		Debug|Win32 = Debug|Win32
		Release|Win32 = Release|Win32
	EndGlobalSection
	GlobalSection(ProjectConfigurationPlatforms) = postSolution
		{D9544AFC-04B0-4733-99D8-67C603C3E633}.Debug|Win32.ActiveCfg = Debug|Win32
		{D9544AFC-04B0-4733-99D8-67C603C3E633}.Debug|Win32.Build.0 = Debug|Win32
		{D9544AFC-04B0-4733-99D8-67C603C3E633}.Release|Win32.ActiveCfg = Release|Win32
		{D9544AFC-04B0-4733-99D8-67C603C3E633}.Release|Win32.Build.0 = Release|Win32
		{E4CCA2C5-59A8-43CE-B724-9D4D0B541BF5}.Debug|Win32.ActiveCfg = Debug|Win32
		{E4CCA2C5-59A8-43CE-B724-9D4D0B541BF5}.Debug|Win32.Build.0 = Debug|Win32
		{E4CCA2C5-59A8-43CE-B724-9D4D0B541BF5}.Release|Win32.ActiveCfg = Release|Win32
		{E4CCA2C5-59A8-43CE-B724-9D4D0B541BF5}.Release|Win32.Build.0 = Release|Win32
		{7B1B4FA1-9EFB-49BF-A27C-0E3ABD70D959}.Debug|Win32.ActiveCfg = Debug|Win32
		{7B1B4FA1-9EFB-49BF-A27C-0E3ABD70D959}.Debug|Win32.Build.0 = Debug|Win32
		{7B1B4FA1-9EFB-49BF-A27C-0E3ABD70D959}.Release|Win32.ActiveCfg = Release|Win32
		{7B1B4FA1-9EFB-49BF-A27C-0E3ABD70D959}.Release|Win32.Build.0 = Release|Win32
		{23B8FF0C-ACF9-4B49-89D7-20C72D86FE99}.Debug|Win32.ActiveCfg = Debug|Win32
		{23B8FF0C-ACF9-4B49-89D7-20C72D86FE99}.Debug|Win32.Build.0 = Debug|Win32
		{23B8FF0C-ACF9-4B49-89D7-20C72D86FE99}.Release|Win32.ActiveCfg = Release|Win32
		{23B8FF0C-ACF9-4B49-89D7-20C72D86FE99}.Release|Win32.Build.0 = Release|Win32
	EndGlobalSection
	GlobalSection(SolutionProperties) = preSolution
		HideSolutionNode = FALSE
	EndGlobalSection
EndGlobal
