
Microsoft Visual Studio Solution File, Format Version 12.00
# Visual Studio Express 2013 for Windows Desktop
VisualStudioVersion = 12.0.21005.1
MinimumVisualStudioVersion = 10.0.40219.1
Project("{8BC9CEB8-8B4A-11D0-8D11-00A0C91BC942}") = "test1", "test1\test1.vcxproj", "{D9544AFC-04B0-4733-99D8-67C603C3E633}"
EndProject
Project("{8BC9CEB8-8B4A-11D0-8D11-00A0C91BC942}") = "D3D11Sample04", "D3D11Sample04\D3D11Sample04.vcxproj", "{7B1B4FA1-9EFB-49BF-A27C-0E3ABD70D959}"
EndProject
Project("{8BC9CEB8-8B4A-11D0-8D11-00A0C91BC942}") = "Skeleton", "Skeleton\Skeleton.vcxproj", "{5C5A44A7-1A60-436C-8F4D-8C8C15E9A0A2}"
EndProject
Project("{8BC9CEB8-8B4A-11D0-8D11-00A0C91BC942}") = "first_fix", "first_fix\first_fix.vcxproj", "{2218A47B-D95A-4FCF-A691-EB58DFE36F79}"
EndProject
Project("{8BC9CEB8-8B4A-11D0-8D11-00A0C91BC942}") = "cube2", "cube2\cube2.vcxproj", "{21EF98DE-958D-49B8-AE5D-F060920F90BA}"
EndProject
Project("{8BC9CEB8-8B4A-11D0-8D11-00A0C91BC942}") = "ToonRendering3", "ToonRendering3\glsl02cartoon.vcxproj", "{1C48267C-2CAC-4062-BEEF-EE13D54D9EF0}"
EndProject
Project("{8BC9CEB8-8B4A-11D0-8D11-00A0C91BC942}") = "GlmSample", "GlmSample\GlmSample.vcxproj", "{5EAD1F09-CB5A-4368-9A4D-E7B0689718FC}"
EndProject
Project("{8BC9CEB8-8B4A-11D0-8D11-00A0C91BC942}") = "MqoSample", "MqoSample\MqoSample.vcxproj", "{7E56E692-B41B-4505-92E3-D0E51A3CC814}"
EndProject
Project("{8BC9CEB8-8B4A-11D0-8D11-00A0C91BC942}") = "Skeleton2", "Skeleton2\Skeleton2.vcxproj", "{0C53E8F8-B02A-4544-8DA7-B1FB4BA712B8}"
EndProject
Project("{8BC9CEB8-8B4A-11D0-8D11-00A0C91BC942}") = "NPR3DModel_ver.2", "NPR3DModel_ver.2\NPR3DModel_ver.2.vcxproj", "{E52BB4A2-E03A-4BAE-BEA3-09503D2F9F04}"
EndProject
Global
	GlobalSection(SolutionConfigurationPlatforms) = preSolution
		Debug|Win32 = Debug|Win32
		Release|Win32 = Release|Win32
	EndGlobalSection
	GlobalSection(ProjectConfigurationPlatforms) = postSolution
		{D9544AFC-04B0-4733-99D8-67C603C3E633}.Debug|Win32.ActiveCfg = Debug|Win32
		{D9544AFC-04B0-4733-99D8-67C603C3E633}.Debug|Win32.Build.0 = Debug|Win32
		{D9544AFC-04B0-4733-99D8-67C603C3E633}.Release|Win32.ActiveCfg = Release|Win32
		{D9544AFC-04B0-4733-99D8-67C603C3E633}.Release|Win32.Build.0 = Release|Win32
		{7B1B4FA1-9EFB-49BF-A27C-0E3ABD70D959}.Debug|Win32.ActiveCfg = Debug|Win32
		{7B1B4FA1-9EFB-49BF-A27C-0E3ABD70D959}.Debug|Win32.Build.0 = Debug|Win32
		{7B1B4FA1-9EFB-49BF-A27C-0E3ABD70D959}.Release|Win32.ActiveCfg = Release|Win32
		{7B1B4FA1-9EFB-49BF-A27C-0E3ABD70D959}.Release|Win32.Build.0 = Release|Win32
		{5C5A44A7-1A60-436C-8F4D-8C8C15E9A0A2}.Debug|Win32.ActiveCfg = Debug|Win32
		{5C5A44A7-1A60-436C-8F4D-8C8C15E9A0A2}.Debug|Win32.Build.0 = Debug|Win32
		{5C5A44A7-1A60-436C-8F4D-8C8C15E9A0A2}.Release|Win32.ActiveCfg = Release|Win32
		{5C5A44A7-1A60-436C-8F4D-8C8C15E9A0A2}.Release|Win32.Build.0 = Release|Win32
		{2218A47B-D95A-4FCF-A691-EB58DFE36F79}.Debug|Win32.ActiveCfg = Debug|Win32
		{2218A47B-D95A-4FCF-A691-EB58DFE36F79}.Debug|Win32.Build.0 = Debug|Win32
		{2218A47B-D95A-4FCF-A691-EB58DFE36F79}.Release|Win32.ActiveCfg = Release|Win32
		{2218A47B-D95A-4FCF-A691-EB58DFE36F79}.Release|Win32.Build.0 = Release|Win32
		{21EF98DE-958D-49B8-AE5D-F060920F90BA}.Debug|Win32.ActiveCfg = Debug|Win32
		{21EF98DE-958D-49B8-AE5D-F060920F90BA}.Debug|Win32.Build.0 = Debug|Win32
		{21EF98DE-958D-49B8-AE5D-F060920F90BA}.Release|Win32.ActiveCfg = Release|Win32
		{21EF98DE-958D-49B8-AE5D-F060920F90BA}.Release|Win32.Build.0 = Release|Win32
		{1C48267C-2CAC-4062-BEEF-EE13D54D9EF0}.Debug|Win32.ActiveCfg = Debug|Win32
		{1C48267C-2CAC-4062-BEEF-EE13D54D9EF0}.Debug|Win32.Build.0 = Debug|Win32
		{1C48267C-2CAC-4062-BEEF-EE13D54D9EF0}.Release|Win32.ActiveCfg = Release|Win32
		{1C48267C-2CAC-4062-BEEF-EE13D54D9EF0}.Release|Win32.Build.0 = Release|Win32
		{5EAD1F09-CB5A-4368-9A4D-E7B0689718FC}.Debug|Win32.ActiveCfg = Debug|Win32
		{5EAD1F09-CB5A-4368-9A4D-E7B0689718FC}.Debug|Win32.Build.0 = Debug|Win32
		{5EAD1F09-CB5A-4368-9A4D-E7B0689718FC}.Release|Win32.ActiveCfg = Release|Win32
		{5EAD1F09-CB5A-4368-9A4D-E7B0689718FC}.Release|Win32.Build.0 = Release|Win32
		{7E56E692-B41B-4505-92E3-D0E51A3CC814}.Debug|Win32.ActiveCfg = Debug|Win32
		{7E56E692-B41B-4505-92E3-D0E51A3CC814}.Debug|Win32.Build.0 = Debug|Win32
		{7E56E692-B41B-4505-92E3-D0E51A3CC814}.Release|Win32.ActiveCfg = Release|Win32
		{7E56E692-B41B-4505-92E3-D0E51A3CC814}.Release|Win32.Build.0 = Release|Win32
		{0C53E8F8-B02A-4544-8DA7-B1FB4BA712B8}.Debug|Win32.ActiveCfg = Debug|Win32
		{0C53E8F8-B02A-4544-8DA7-B1FB4BA712B8}.Debug|Win32.Build.0 = Debug|Win32
		{0C53E8F8-B02A-4544-8DA7-B1FB4BA712B8}.Release|Win32.ActiveCfg = Release|Win32
		{0C53E8F8-B02A-4544-8DA7-B1FB4BA712B8}.Release|Win32.Build.0 = Release|Win32
		{E52BB4A2-E03A-4BAE-BEA3-09503D2F9F04}.Debug|Win32.ActiveCfg = Debug|Win32
		{E52BB4A2-E03A-4BAE-BEA3-09503D2F9F04}.Debug|Win32.Build.0 = Debug|Win32
		{E52BB4A2-E03A-4BAE-BEA3-09503D2F9F04}.Release|Win32.ActiveCfg = Release|Win32
		{E52BB4A2-E03A-4BAE-BEA3-09503D2F9F04}.Release|Win32.Build.0 = Release|Win32
	EndGlobalSection
	GlobalSection(SolutionProperties) = preSolution
		HideSolutionNode = FALSE
	EndGlobalSection
EndGlobal
