
Microsoft Visual Studio Solution File, Format Version 12.00
# Visual Studio Express 2013 for Windows Desktop
VisualStudioVersion = 12.0.21005.1
MinimumVisualStudioVersion = 10.0.40219.1
Project("{8BC9CEB8-8B4A-11D0-8D11-00A0C91BC942}") = "test1", "test1\test1.vcxproj", "{D9544AFC-04B0-4733-99D8-67C603C3E633}"
EndProject
Project("{8BC9CEB8-8B4A-11D0-8D11-00A0C91BC942}") = "test2", "test2\test2.vcxproj", "{E4CCA2C5-59A8-43CE-B724-9D4D0B541BF5}"
EndProject
Project("{8BC9CEB8-8B4A-11D0-8D11-00A0C91BC942}") = "D3D11Sample04", "D3D11Sample04\D3D11Sample04.vcxproj", "{7B1B4FA1-9EFB-49BF-A27C-0E3ABD70D959}"
EndProject
Project("{8BC9CEB8-8B4A-11D0-8D11-00A0C91BC942}") = "Skeleton", "Skeleton\Skeleton.vcxproj", "{5C5A44A7-1A60-436C-8F4D-8C8C15E9A0A2}"
EndProject
Project("{8BC9CEB8-8B4A-11D0-8D11-00A0C91BC942}") = "first_fix", "first_fix\first_fix.vcxproj", "{2218A47B-D95A-4FCF-A691-EB58DFE36F79}"
EndProject
Project("{8BC9CEB8-8B4A-11D0-8D11-00A0C91BC942}") = "cube2", "cube2\cube2.vcxproj", "{21EF98DE-958D-49B8-AE5D-F060920F90BA}"
EndProject
Project("{8BC9CEB8-8B4A-11D0-8D11-00A0C91BC942}") = "glsl02cartoon", "ToonRendering2\glsl02cartoon.vcxproj", "{1C48267C-2CAC-4062-BEEF-EE13D54D9EF0}"
EndProject
Project("{8BC9CEB8-8B4A-11D0-8D11-00A0C91BC942}") = "test3", "test3\test3.vcxproj", "{112FBADE-D97B-4719-AC10-9FB2FA566806}"
EndProject
Global
	GlobalSection(SolutionConfigurationPlatforms) = preSolution
		Debug|Win32 = Debug|Win32
		Release|Win32 = Release|Win32
	EndGlobalSection
	GlobalSection(ProjectConfigurationPlatforms) = postSolution
		{D9544AFC-04B0-4733-99D8-67C603C3E633}.Debug|Win32.ActiveCfg = Debug|Win32
		{D9544AFC-04B0-4733-99D8-67C603C3E633}.Debug|Win32.Build.0 = Debug|Win32
		{D9544AFC-04B0-4733-99D8-67C603C3E633}.Release|Win32.ActiveCfg = Release|Win32
		{D9544AFC-04B0-4733-99D8-67C603C3E633}.Release|Win32.Build.0 = Release|Win32
		{E4CCA2C5-59A8-43CE-B724-9D4D0B541BF5}.Debug|Win32.ActiveCfg = Debug|Win32
		{E4CCA2C5-59A8-43CE-B724-9D4D0B541BF5}.Debug|Win32.Build.0 = Debug|Win32
		{E4CCA2C5-59A8-43CE-B724-9D4D0B541BF5}.Release|Win32.ActiveCfg = Release|Win32
		{E4CCA2C5-59A8-43CE-B724-9D4D0B541BF5}.Release|Win32.Build.0 = Release|Win32
		{7B1B4FA1-9EFB-49BF-A27C-0E3ABD70D959}.Debug|Win32.ActiveCfg = Debug|Win32
		{7B1B4FA1-9EFB-49BF-A27C-0E3ABD70D959}.Debug|Win32.Build.0 = Debug|Win32
		{7B1B4FA1-9EFB-49BF-A27C-0E3ABD70D959}.Release|Win32.ActiveCfg = Release|Win32
		{7B1B4FA1-9EFB-49BF-A27C-0E3ABD70D959}.Release|Win32.Build.0 = Release|Win32
		{5C5A44A7-1A60-436C-8F4D-8C8C15E9A0A2}.Debug|Win32.ActiveCfg = Debug|Win32
		{5C5A44A7-1A60-436C-8F4D-8C8C15E9A0A2}.Debug|Win32.Build.0 = Debug|Win32
		{5C5A44A7-1A60-436C-8F4D-8C8C15E9A0A2}.Release|Win32.ActiveCfg = Release|Win32
		{5C5A44A7-1A60-436C-8F4D-8C8C15E9A0A2}.Release|Win32.Build.0 = Release|Win32
		{2218A47B-D95A-4FCF-A691-EB58DFE36F79}.Debug|Win32.ActiveCfg = Debug|Win32
		{2218A47B-D95A-4FCF-A691-EB58DFE36F79}.Debug|Win32.Build.0 = Debug|Win32
		{2218A47B-D95A-4FCF-A691-EB58DFE36F79}.Release|Win32.ActiveCfg = Release|Win32
		{2218A47B-D95A-4FCF-A691-EB58DFE36F79}.Release|Win32.Build.0 = Release|Win32
		{21EF98DE-958D-49B8-AE5D-F060920F90BA}.Debug|Win32.ActiveCfg = Debug|Win32
		{21EF98DE-958D-49B8-AE5D-F060920F90BA}.Debug|Win32.Build.0 = Debug|Win32
		{21EF98DE-958D-49B8-AE5D-F060920F90BA}.Release|Win32.ActiveCfg = Release|Win32
		{21EF98DE-958D-49B8-AE5D-F060920F90BA}.Release|Win32.Build.0 = Release|Win32
		{1C48267C-2CAC-4062-BEEF-EE13D54D9EF0}.Debug|Win32.ActiveCfg = Debug|Win32
		{1C48267C-2CAC-4062-BEEF-EE13D54D9EF0}.Debug|Win32.Build.0 = Debug|Win32
		{1C48267C-2CAC-4062-BEEF-EE13D54D9EF0}.Release|Win32.ActiveCfg = Release|Win32
		{1C48267C-2CAC-4062-BEEF-EE13D54D9EF0}.Release|Win32.Build.0 = Release|Win32
		{112FBADE-D97B-4719-AC10-9FB2FA566806}.Debug|Win32.ActiveCfg = Debug|Win32
		{112FBADE-D97B-4719-AC10-9FB2FA566806}.Debug|Win32.Build.0 = Debug|Win32
		{112FBADE-D97B-4719-AC10-9FB2FA566806}.Release|Win32.ActiveCfg = Release|Win32
		{112FBADE-D97B-4719-AC10-9FB2FA566806}.Release|Win32.Build.0 = Release|Win32
	EndGlobalSection
	GlobalSection(SolutionProperties) = preSolution
		HideSolutionNode = FALSE
	EndGlobalSection
EndGlobal
